
Microsoft Visual Studio Solution File, Format Version 12.00
# Visual Studio Version 17
VisualStudioVersion = 17.8.34408.163
MinimumVisualStudioVersion = 10.0.40219.1
Project("{9A19103F-16F7-4668-BE54-9A1E7A4F7556}") = "CatProject", "CatProject.csproj", "{43627049-AC15-4AA9-ABD1-E8BD9C57BA5C}"
EndProject
Global
	GlobalSection(SolutionConfigurationPlatforms) = preSolution
		Debug|Any CPU = Debug|Any CPU
		Release|Any CPU = Release|Any CPU
	EndGlobalSection
	GlobalSection(ProjectConfigurationPlatforms) = postSolution
		{43627049-AC15-4AA9-ABD1-E8BD9C57BA5C}.Debug|Any CPU.ActiveCfg = Debug|Any CPU
		{43627049-AC15-4AA9-ABD1-E8BD9C57BA5C}.Debug|Any CPU.Build.0 = Debug|Any CPU
		{43627049-AC15-4AA9-ABD1-E8BD9C57BA5C}.Release|Any CPU.ActiveCfg = Release|Any CPU
		{43627049-AC15-4AA9-ABD1-E8BD9C57BA5C}.Release|Any CPU.Build.0 = Release|Any CPU
	EndGlobalSection
	GlobalSection(SolutionProperties) = preSolution
		HideSolutionNode = FALSE
	EndGlobalSection
	GlobalSection(ExtensibilityGlobals) = postSolution
		SolutionGuid = {C40634F9-080E-4B16-80BC-320C5AF55273}
	EndGlobalSection
EndGlobal
